# This file is generated by running "yarn install" inside your project.
# Manual changes might be lost - proceed with caution!

__metadata:
  version: 6
  cacheKey: 8

"@bazel/bazelisk@npm:^1.12.0":
  version: 1.12.0
  resolution: "@bazel/bazelisk@npm:1.12.0"
  bin:
    bazel: bazelisk.js
    bazelisk: bazelisk.js
  checksum: 043082fdc1ecae7a0e32eaf5c216f46d47c9319d09253bc8833412a25ffc8465359c217132224b6d7bda0489c66dd537b731d4dc5a288b47ba40f8ecab6ba26b
  languageName: node
  linkType: hard

"labs-bazel@workspace:.":
  version: 0.0.0-use.local
  resolution: "labs-bazel@workspace:."
  dependencies:
    "@bazel/bazelisk": ^1.12.0
  languageName: unknown
  linkType: soft
