# This file is generated by running "yarn install" inside your project.
# Manual changes might be lost - proceed with caution!

__metadata:
  version: 6
  cacheKey: 8

"@bazel/bazelisk@npm:^1.12.0":
  version: 1.12.0
  resolution: "@bazel/bazelisk@npm:1.12.0"
  bin:
    bazel: bazelisk.js
    bazelisk: bazelisk.js
  checksum: 043082fdc1ecae7a0e32eaf5c216f46d47c9319d09253bc8833412a25ffc8465359c217132224b6d7bda0489c66dd537b731d4dc5a288b47ba40f8ecab6ba26b
  languageName: node
  linkType: hard

"@bazel/ibazel@npm:^0.16.2":
  version: 0.16.2
  resolution: "@bazel/ibazel@npm:0.16.2"
  bin:
    ibazel: index.js
  checksum: be182120732f06eea872f8daa84d3655808342fcf631d20f4289a475ea652284966573f94e9594ecf83f99af7f7415d128c62c83e93ee5dad38956619b318aad
  languageName: node
  linkType: hard

"colors@npm:^1.4.0":
  version: 1.4.0
  resolution: "colors@npm:1.4.0"
  checksum: 98aa2c2418ad87dedf25d781be69dc5fc5908e279d9d30c34d8b702e586a0474605b3a189511482b9d5ed0d20c867515d22749537f7bc546256c6014f3ebdcec
  languageName: node
  linkType: hard

"console-basic@workspace:app1":
  version: 0.0.0-use.local
  resolution: "console-basic@workspace:app1"
  dependencies:
    colors: ^1.4.0
  languageName: unknown
  linkType: soft

"labs-bazel@workspace:.":
  version: 0.0.0-use.local
  resolution: "labs-bazel@workspace:."
  dependencies:
    "@bazel/bazelisk": ^1.12.0
    "@bazel/ibazel": ^0.16.2
  languageName: unknown
  linkType: soft
